
Microsoft Visual Studio Solution File, Format Version 12.00
# Visual Studio Version 17
VisualStudioVersion = 17.13.35818.85 d17.13
MinimumVisualStudioVersion = 10.0.40219.1
Project("{FAE04EC0-301F-11D3-BF4B-00C04F79EFBC}") = "tpmodul6_103022300072", "tpmodul6_103022300072\tpmodul6_103022300072.csproj", "{327E7E75-51B6-408A-A02C-5D09E0C8B26B}"
EndProject
Global
	GlobalSection(SolutionConfigurationPlatforms) = preSolution
		Debug|Any CPU = Debug|Any CPU
		Release|Any CPU = Release|Any CPU
	EndGlobalSection
	GlobalSection(ProjectConfigurationPlatforms) = postSolution
		{327E7E75-51B6-408A-A02C-5D09E0C8B26B}.Debug|Any CPU.ActiveCfg = Debug|Any CPU
		{327E7E75-51B6-408A-A02C-5D09E0C8B26B}.Debug|Any CPU.Build.0 = Debug|Any CPU
		{327E7E75-51B6-408A-A02C-5D09E0C8B26B}.Release|Any CPU.ActiveCfg = Release|Any CPU
		{327E7E75-51B6-408A-A02C-5D09E0C8B26B}.Release|Any CPU.Build.0 = Release|Any CPU
	EndGlobalSection
	GlobalSection(SolutionProperties) = preSolution
		HideSolutionNode = FALSE
	EndGlobalSection
	GlobalSection(ExtensibilityGlobals) = postSolution
		SolutionGuid = {24165632-51F9-4C6F-9ADA-93CFBE38F485}
	EndGlobalSection
EndGlobal
